
Microsoft Visual Studio Solution File, Format Version 12.00
# Visual Studio Version 17
VisualStudioVersion = 17.4.33122.133
MinimumVisualStudioVersion = 10.0.40219.1
Project("{FAE04EC0-301F-11D3-BF4B-00C04F79EFBC}") = "TesteMock.API", "TesteMock.API\TesteMock.API.csproj", "{33D1D423-BE18-496A-9BBA-48EC45CD94A1}"
EndProject
Project("{FAE04EC0-301F-11D3-BF4B-00C04F79EFBC}") = "TesteMock.Models", "TesteMock.Models\TesteMock.Models.csproj", "{F4BA0BF0-D5D7-4B25-A8BF-E95C12DA66B1}"
EndProject
Project("{FAE04EC0-301F-11D3-BF4B-00C04F79EFBC}") = "TesteMock.Repository", "TesteMock.Repository\TesteMock.Repository.csproj", "{4D4C0B19-0C08-482B-BFDB-CB2B0B50C40A}"
EndProject
Project("{FAE04EC0-301F-11D3-BF4B-00C04F79EFBC}") = "TesteMock.Services", "TesteMock.Services\TesteMock.Services.csproj", "{370C3AA2-72D7-4E1A-B59F-3D2EB7C7DDC5}"
EndProject
Project("{FAE04EC0-301F-11D3-BF4B-00C04F79EFBC}") = "TesteMock.Tests", "TesteMock.Tests\TesteMock.Tests.csproj", "{86243066-DC90-42DF-A982-065E71A7A41B}"
EndProject
Global
	GlobalSection(SolutionConfigurationPlatforms) = preSolution
		Debug|Any CPU = Debug|Any CPU
		Release|Any CPU = Release|Any CPU
	EndGlobalSection
	GlobalSection(ProjectConfigurationPlatforms) = postSolution
		{33D1D423-BE18-496A-9BBA-48EC45CD94A1}.Debug|Any CPU.ActiveCfg = Debug|Any CPU
		{33D1D423-BE18-496A-9BBA-48EC45CD94A1}.Debug|Any CPU.Build.0 = Debug|Any CPU
		{33D1D423-BE18-496A-9BBA-48EC45CD94A1}.Release|Any CPU.ActiveCfg = Release|Any CPU
		{33D1D423-BE18-496A-9BBA-48EC45CD94A1}.Release|Any CPU.Build.0 = Release|Any CPU
		{F4BA0BF0-D5D7-4B25-A8BF-E95C12DA66B1}.Debug|Any CPU.ActiveCfg = Debug|Any CPU
		{F4BA0BF0-D5D7-4B25-A8BF-E95C12DA66B1}.Debug|Any CPU.Build.0 = Debug|Any CPU
		{F4BA0BF0-D5D7-4B25-A8BF-E95C12DA66B1}.Release|Any CPU.ActiveCfg = Release|Any CPU
		{F4BA0BF0-D5D7-4B25-A8BF-E95C12DA66B1}.Release|Any CPU.Build.0 = Release|Any CPU
		{4D4C0B19-0C08-482B-BFDB-CB2B0B50C40A}.Debug|Any CPU.ActiveCfg = Debug|Any CPU
		{4D4C0B19-0C08-482B-BFDB-CB2B0B50C40A}.Debug|Any CPU.Build.0 = Debug|Any CPU
		{4D4C0B19-0C08-482B-BFDB-CB2B0B50C40A}.Release|Any CPU.ActiveCfg = Release|Any CPU
		{4D4C0B19-0C08-482B-BFDB-CB2B0B50C40A}.Release|Any CPU.Build.0 = Release|Any CPU
		{370C3AA2-72D7-4E1A-B59F-3D2EB7C7DDC5}.Debug|Any CPU.ActiveCfg = Debug|Any CPU
		{370C3AA2-72D7-4E1A-B59F-3D2EB7C7DDC5}.Debug|Any CPU.Build.0 = Debug|Any CPU
		{370C3AA2-72D7-4E1A-B59F-3D2EB7C7DDC5}.Release|Any CPU.ActiveCfg = Release|Any CPU
		{370C3AA2-72D7-4E1A-B59F-3D2EB7C7DDC5}.Release|Any CPU.Build.0 = Release|Any CPU
		{86243066-DC90-42DF-A982-065E71A7A41B}.Debug|Any CPU.ActiveCfg = Debug|Any CPU
		{86243066-DC90-42DF-A982-065E71A7A41B}.Debug|Any CPU.Build.0 = Debug|Any CPU
		{86243066-DC90-42DF-A982-065E71A7A41B}.Release|Any CPU.ActiveCfg = Release|Any CPU
		{86243066-DC90-42DF-A982-065E71A7A41B}.Release|Any CPU.Build.0 = Release|Any CPU
	EndGlobalSection
	GlobalSection(SolutionProperties) = preSolution
		HideSolutionNode = FALSE
	EndGlobalSection
	GlobalSection(ExtensibilityGlobals) = postSolution
		SolutionGuid = {CB87F3BA-A82F-4A32-BB06-62AD56C1F399}
	EndGlobalSection
EndGlobal
